
Microsoft Visual Studio Solution File, Format Version 12.00
# Visual Studio Version 17
VisualStudioVersion = 17.3.32929.385
MinimumVisualStudioVersion = 10.0.40219.1
Project("{9A19103F-16F7-4668-BE54-9A1E7A4F7556}") = "StudentManager", "StudentManager\StudentManager.csproj", "{A50A1FC7-4497-4413-B200-969F8544CACE}"
EndProject
Global
	GlobalSection(SolutionConfigurationPlatforms) = preSolution
		Debug|Any CPU = Debug|Any CPU
		Release|Any CPU = Release|Any CPU
	EndGlobalSection
	GlobalSection(ProjectConfigurationPlatforms) = postSolution
		{A50A1FC7-4497-4413-B200-969F8544CACE}.Debug|Any CPU.ActiveCfg = Debug|Any CPU
		{A50A1FC7-4497-4413-B200-969F8544CACE}.Debug|Any CPU.Build.0 = Debug|Any CPU
		{A50A1FC7-4497-4413-B200-969F8544CACE}.Release|Any CPU.ActiveCfg = Release|Any CPU
		{A50A1FC7-4497-4413-B200-969F8544CACE}.Release|Any CPU.Build.0 = Release|Any CPU
	EndGlobalSection
	GlobalSection(SolutionProperties) = preSolution
		HideSolutionNode = FALSE
	EndGlobalSection
	GlobalSection(ExtensibilityGlobals) = postSolution
		SolutionGuid = {90D3F847-C09F-4087-904B-46F4A269FE45}
	EndGlobalSection
EndGlobal
